
Microsoft Visual Studio Solution File, Format Version 12.00
# Visual Studio Version 17
VisualStudioVersion = 17.0.31919.166
MinimumVisualStudioVersion = 10.0.40219.1
Project("{9A19103F-16F7-4668-BE54-9A1E7A4F7556}") = "ZeroToMvp.Github.Actions.RollingSystemdUpdate", "ZeroToMvp.Github.Actions.RollingSystemdUpdate.csproj", "{5366BA44-00CD-4366-8DB3-641597D41E78}"
EndProject
Global
	GlobalSection(SolutionConfigurationPlatforms) = preSolution
		Debug|Any CPU = Debug|Any CPU
		Release|Any CPU = Release|Any CPU
	EndGlobalSection
	GlobalSection(ProjectConfigurationPlatforms) = postSolution
		{5366BA44-00CD-4366-8DB3-641597D41E78}.Debug|Any CPU.ActiveCfg = Debug|Any CPU
		{5366BA44-00CD-4366-8DB3-641597D41E78}.Debug|Any CPU.Build.0 = Debug|Any CPU
		{5366BA44-00CD-4366-8DB3-641597D41E78}.Release|Any CPU.ActiveCfg = Release|Any CPU
		{5366BA44-00CD-4366-8DB3-641597D41E78}.Release|Any CPU.Build.0 = Release|Any CPU
	EndGlobalSection
	GlobalSection(SolutionProperties) = preSolution
		HideSolutionNode = FALSE
	EndGlobalSection
	GlobalSection(ExtensibilityGlobals) = postSolution
		SolutionGuid = {3338239D-3C64-4441-B7B1-BA528664B621}
	EndGlobalSection
EndGlobal
